
Microsoft Visual Studio Solution File, Format Version 12.00
# Visual Studio Version 17
VisualStudioVersion = 17.0.31903.59
MinimumVisualStudioVersion = 10.0.40219.1
Project("{FAE04EC0-301F-11D3-BF4B-00C04F79EFBC}") = "2FAService.API", "2FAService.API\2FAService.API.csproj", "{C390C0CE-AEF1-4B62-BA34-E6CB11D7B1E5}"
EndProject
Project("{FAE04EC0-301F-11D3-BF4B-00C04F79EFBC}") = "2FAService.Application", "2FAService.Application\2FAService.Application.csproj", "{42D47737-0FF3-4C2B-9A60-7F71E7300971}"
EndProject
Project("{FAE04EC0-301F-11D3-BF4B-00C04F79EFBC}") = "2FAService.Domain", "2FAService.Domain\2FAService.Domain.csproj", "{148F1CA0-3A14-4B09-9874-574C66B55E43}"
EndProject
Project("{FAE04EC0-301F-11D3-BF4B-00C04F79EFBC}") = "2FAService.Infrastructure", "2FAService.Infrastructure\2FAService.Infrastructure.csproj", "{8618659D-AB74-4C4E-BAD5-FCF02BF7903E}"
EndProject
Project("{FAE04EC0-301F-11D3-BF4B-00C04F79EFBC}") = "Shared", "..\Shared\Shared.csproj", "{60D60317-28DF-4C55-9EA4-7B40C73FC45A}"
EndProject
Global
	GlobalSection(SolutionConfigurationPlatforms) = preSolution
		Debug|Any CPU = Debug|Any CPU
		Release|Any CPU = Release|Any CPU
	EndGlobalSection
	GlobalSection(SolutionProperties) = preSolution
		HideSolutionNode = FALSE
	EndGlobalSection
	GlobalSection(ProjectConfigurationPlatforms) = postSolution
		{C390C0CE-AEF1-4B62-BA34-E6CB11D7B1E5}.Debug|Any CPU.ActiveCfg = Debug|Any CPU
		{C390C0CE-AEF1-4B62-BA34-E6CB11D7B1E5}.Debug|Any CPU.Build.0 = Debug|Any CPU
		{C390C0CE-AEF1-4B62-BA34-E6CB11D7B1E5}.Release|Any CPU.ActiveCfg = Release|Any CPU
		{C390C0CE-AEF1-4B62-BA34-E6CB11D7B1E5}.Release|Any CPU.Build.0 = Release|Any CPU
		{42D47737-0FF3-4C2B-9A60-7F71E7300971}.Debug|Any CPU.ActiveCfg = Debug|Any CPU
		{42D47737-0FF3-4C2B-9A60-7F71E7300971}.Debug|Any CPU.Build.0 = Debug|Any CPU
		{42D47737-0FF3-4C2B-9A60-7F71E7300971}.Release|Any CPU.ActiveCfg = Release|Any CPU
		{42D47737-0FF3-4C2B-9A60-7F71E7300971}.Release|Any CPU.Build.0 = Release|Any CPU
		{148F1CA0-3A14-4B09-9874-574C66B55E43}.Debug|Any CPU.ActiveCfg = Debug|Any CPU
		{148F1CA0-3A14-4B09-9874-574C66B55E43}.Debug|Any CPU.Build.0 = Debug|Any CPU
		{148F1CA0-3A14-4B09-9874-574C66B55E43}.Release|Any CPU.ActiveCfg = Release|Any CPU
		{148F1CA0-3A14-4B09-9874-574C66B55E43}.Release|Any CPU.Build.0 = Release|Any CPU
		{8618659D-AB74-4C4E-BAD5-FCF02BF7903E}.Debug|Any CPU.ActiveCfg = Debug|Any CPU
		{8618659D-AB74-4C4E-BAD5-FCF02BF7903E}.Debug|Any CPU.Build.0 = Debug|Any CPU
		{8618659D-AB74-4C4E-BAD5-FCF02BF7903E}.Release|Any CPU.ActiveCfg = Release|Any CPU
		{8618659D-AB74-4C4E-BAD5-FCF02BF7903E}.Release|Any CPU.Build.0 = Release|Any CPU
		{60D60317-28DF-4C55-9EA4-7B40C73FC45A}.Debug|Any CPU.ActiveCfg = Debug|Any CPU
		{60D60317-28DF-4C55-9EA4-7B40C73FC45A}.Debug|Any CPU.Build.0 = Debug|Any CPU
		{60D60317-28DF-4C55-9EA4-7B40C73FC45A}.Release|Any CPU.ActiveCfg = Release|Any CPU
		{60D60317-28DF-4C55-9EA4-7B40C73FC45A}.Release|Any CPU.Build.0 = Release|Any CPU
	EndGlobalSection
EndGlobal
